
Microsoft Visual Studio Solution File, Format Version 12.00
# Visual Studio Version 17
VisualStudioVersion = 17.4.33213.308
MinimumVisualStudioVersion = 10.0.40219.1
Project("{FAE04EC0-301F-11D3-BF4B-00C04F79EFBC}") = "MVCLabFive", "MVCLabFive.csproj", "{6726614A-AF09-4386-AF79-0E02CC6391C2}"
EndProject
Global
	GlobalSection(SolutionConfigurationPlatforms) = preSolution
		Debug|Any CPU = Debug|Any CPU
		Release|Any CPU = Release|Any CPU
	EndGlobalSection
	GlobalSection(ProjectConfigurationPlatforms) = postSolution
		{6726614A-AF09-4386-AF79-0E02CC6391C2}.Debug|Any CPU.ActiveCfg = Debug|Any CPU
		{6726614A-AF09-4386-AF79-0E02CC6391C2}.Debug|Any CPU.Build.0 = Debug|Any CPU
		{6726614A-AF09-4386-AF79-0E02CC6391C2}.Release|Any CPU.ActiveCfg = Release|Any CPU
		{6726614A-AF09-4386-AF79-0E02CC6391C2}.Release|Any CPU.Build.0 = Release|Any CPU
	EndGlobalSection
	GlobalSection(SolutionProperties) = preSolution
		HideSolutionNode = FALSE
	EndGlobalSection
	GlobalSection(ExtensibilityGlobals) = postSolution
		SolutionGuid = {AE162FE1-116A-4B75-B636-017F8CB6D466}
	EndGlobalSection
EndGlobal
