
Microsoft Visual Studio Solution File, Format Version 12.00
# Visual Studio Version 17
VisualStudioVersion = 17.4.33213.308
MinimumVisualStudioVersion = 10.0.40219.1
Project("{9A19103F-16F7-4668-BE54-9A1E7A4F7556}") = "Demo6", "Demo6.csproj", "{94E6AF67-E1BC-409A-8D3E-3419AB6F1EAE}"
EndProject
Global
	GlobalSection(SolutionConfigurationPlatforms) = preSolution
		Debug|Any CPU = Debug|Any CPU
		Release|Any CPU = Release|Any CPU
	EndGlobalSection
	GlobalSection(ProjectConfigurationPlatforms) = postSolution
		{94E6AF67-E1BC-409A-8D3E-3419AB6F1EAE}.Debug|Any CPU.ActiveCfg = Debug|Any CPU
		{94E6AF67-E1BC-409A-8D3E-3419AB6F1EAE}.Debug|Any CPU.Build.0 = Debug|Any CPU
		{94E6AF67-E1BC-409A-8D3E-3419AB6F1EAE}.Release|Any CPU.ActiveCfg = Release|Any CPU
		{94E6AF67-E1BC-409A-8D3E-3419AB6F1EAE}.Release|Any CPU.Build.0 = Release|Any CPU
	EndGlobalSection
	GlobalSection(SolutionProperties) = preSolution
		HideSolutionNode = FALSE
	EndGlobalSection
	GlobalSection(ExtensibilityGlobals) = postSolution
		SolutionGuid = {A408DF03-110F-42B3-ABF8-13CC16B158FA}
	EndGlobalSection
EndGlobal
